
Microsoft Visual Studio Solution File, Format Version 12.00
# Visual Studio Version 17
VisualStudioVersion = 17.5.33502.453
MinimumVisualStudioVersion = 10.0.40219.1
Project("{FAE04EC0-301F-11D3-BF4B-00C04F79EFBC}") = "chatP2P", "chatP2P.csproj", "{AABFE9BF-A794-4E1D-845C-4677134A3914}"
EndProject
Global
	GlobalSection(SolutionConfigurationPlatforms) = preSolution
		Debug|Any CPU = Debug|Any CPU
		Release|Any CPU = Release|Any CPU
	EndGlobalSection
	GlobalSection(ProjectConfigurationPlatforms) = postSolution
		{AABFE9BF-A794-4E1D-845C-4677134A3914}.Debug|Any CPU.ActiveCfg = Debug|Any CPU
		{AABFE9BF-A794-4E1D-845C-4677134A3914}.Debug|Any CPU.Build.0 = Debug|Any CPU
		{AABFE9BF-A794-4E1D-845C-4677134A3914}.Release|Any CPU.ActiveCfg = Release|Any CPU
		{AABFE9BF-A794-4E1D-845C-4677134A3914}.Release|Any CPU.Build.0 = Release|Any CPU
	EndGlobalSection
	GlobalSection(SolutionProperties) = preSolution
		HideSolutionNode = FALSE
	EndGlobalSection
	GlobalSection(ExtensibilityGlobals) = postSolution
		SolutionGuid = {5E3A32DF-5441-40F1-BAA3-2D6E1DAD6599}
	EndGlobalSection
EndGlobal
